
Microsoft Visual Studio Solution File, Format Version 12.00
# Visual Studio Version 17
VisualStudioVersion = 17.8.34511.84
MinimumVisualStudioVersion = 10.0.40219.1
Project("{FAE04EC0-301F-11D3-BF4B-00C04F79EFBC}") = "CarRentalApp", "CarRentalApp.csproj", "{049B8A07-1A29-41CC-9B7B-1C6279945D5B}"
EndProject
Global
	GlobalSection(SolutionConfigurationPlatforms) = preSolution
		Debug|Any CPU = Debug|Any CPU
		Release|Any CPU = Release|Any CPU
	EndGlobalSection
	GlobalSection(ProjectConfigurationPlatforms) = postSolution
		{049B8A07-1A29-41CC-9B7B-1C6279945D5B}.Debug|Any CPU.ActiveCfg = Debug|Any CPU
		{049B8A07-1A29-41CC-9B7B-1C6279945D5B}.Debug|Any CPU.Build.0 = Debug|Any CPU
		{049B8A07-1A29-41CC-9B7B-1C6279945D5B}.Release|Any CPU.ActiveCfg = Release|Any CPU
		{049B8A07-1A29-41CC-9B7B-1C6279945D5B}.Release|Any CPU.Build.0 = Release|Any CPU
	EndGlobalSection
	GlobalSection(SolutionProperties) = preSolution
		HideSolutionNode = FALSE
	EndGlobalSection
	GlobalSection(ExtensibilityGlobals) = postSolution
		SolutionGuid = {F9E5D73A-1C75-46D8-B8EE-58083F9CE07D}
	EndGlobalSection
EndGlobal
